
Microsoft Visual Studio Solution File, Format Version 12.00
# Visual Studio Version 17
VisualStudioVersion = 17.0.31912.275
MinimumVisualStudioVersion = 10.0.40219.1
Project("{FAE04EC0-301F-11D3-BF4B-00C04F79EFBC}") = "AUTOBUSES", "AUTOBUSES\AUTOBUSES.csproj", "{99EEBCC6-A010-4E3B-B69D-FDDF90DF68F7}"
EndProject
Global
	GlobalSection(SolutionConfigurationPlatforms) = preSolution
		Debug|Any CPU = Debug|Any CPU
		Release|Any CPU = Release|Any CPU
	EndGlobalSection
	GlobalSection(ProjectConfigurationPlatforms) = postSolution
		{99EEBCC6-A010-4E3B-B69D-FDDF90DF68F7}.Debug|Any CPU.ActiveCfg = Debug|Any CPU
		{99EEBCC6-A010-4E3B-B69D-FDDF90DF68F7}.Debug|Any CPU.Build.0 = Debug|Any CPU
		{99EEBCC6-A010-4E3B-B69D-FDDF90DF68F7}.Release|Any CPU.ActiveCfg = Release|Any CPU
		{99EEBCC6-A010-4E3B-B69D-FDDF90DF68F7}.Release|Any CPU.Build.0 = Release|Any CPU
	EndGlobalSection
	GlobalSection(SolutionProperties) = preSolution
		HideSolutionNode = FALSE
	EndGlobalSection
	GlobalSection(ExtensibilityGlobals) = postSolution
		SolutionGuid = {7C438133-7CBD-4766-B077-5345EA5EE769}
	EndGlobalSection
EndGlobal
